git.jd.com/jdcloud-epn/epnc-common/iptool v0.0.0-20190827094254-6cc01022a37f h1:Vdkj0UXrUEOrhGFk1MV1QvdzvxcqOQJ7zT6UjWpbrCA=
git.jd.com/jdcloud-epn/epnc-common/iptool v0.0.0-20190827094254-6cc01022a37f/go.mod h1:VtSjiQWLk/cFo9zakeHfTcHU95gYWgHSezSr/7cAby8=
github.com/davecgh/go-spew v1.1.0/go.mod h1:J7Y8YcW2NihsgmVo/mv3lAwl/skON4iLHjSsI+c5H38=
github.com/pmezard/go-difflib v1.0.0/go.mod h1:iKH77koFhYxTK1pcRnkKkqfTogsbg7gZNVY4sRDYZ/4=
github.com/stretchr/objx v0.1.0/go.mod h1:HFkY916IF+rwdDfMAkV7OtwuqBVzrE8GR6GFx+wExME=
github.com/stretchr/testify v1.3.0/go.mod h1:M5WIy9Dh21IEIfnGCwXGc5bZfKNJtfHm1UVUgZn+9EI=
